
Microsoft Visual Studio Solution File, Format Version 12.00
# Visual Studio 14
VisualStudioVersion = 14.0.25420.1
MinimumVisualStudioVersion = 10.0.40219.1
Project("{FAE04EC0-301F-11D3-BF4B-00C04F79EFBC}") = "SocketLite.PCL", "SocketLite.PCL\SocketLite.PCL.csproj", "{EEE36E05-DCBC-4B35-B47B-94D0E9E9FA0F}"
EndProject
Project("{FAE04EC0-301F-11D3-BF4B-00C04F79EFBC}") = "ISocketLite.PCL", "ISocketLite.PCL\ISocketLite.PCL.csproj", "{1752265E-FFAB-4A20-B3F7-83789CB8B125}"
EndProject
Project("{FAE04EC0-301F-11D3-BF4B-00C04F79EFBC}") = "SocketLite.PCL.Android", "Socket.CrossPlatform\SocketLite.PCL.Android\SocketLite.PCL.Android.csproj", "{B6705BCA-3043-4AED-B1F9-C01B3A579FF9}"
EndProject
Project("{FAE04EC0-301F-11D3-BF4B-00C04F79EFBC}") = "SocketLite.PCL.iOS", "Socket.CrossPlatform\SocketLite.PCL.iOS\SocketLite.PCL.iOS.csproj", "{FF7174F1-189C-4215-96E7-B6693535B761}"
EndProject
Project("{2150E333-8FDC-42A3-9474-1A3956D46DE8}") = "CrossPlatfrom", "CrossPlatfrom", "{53741BB1-5AFA-46F2-B72A-070E260BBFEC}"
EndProject
Project("{2150E333-8FDC-42A3-9474-1A3956D46DE8}") = "Foundation", "Foundation", "{8475F2E8-23E8-4580-89FE-7EED7499CC0D}"
EndProject
Project("{FAE04EC0-301F-11D3-BF4B-00C04F79EFBC}") = "SocketLite.PCL.UWP", "Socket.CrossPlatform\SocketLite.PCL.UWP\SocketLite.PCL.UWP.csproj", "{38FBD190-69AD-4BDB-B342-6EC2E29C79E5}"
EndProject
Project("{2150E333-8FDC-42A3-9474-1A3956D46DE8}") = "Git", "Git", "{7AF809C9-AA3D-4766-B531-173470761DB3}"
EndProject
Project("{2150E333-8FDC-42A3-9474-1A3956D46DE8}") = "Nuget", "Nuget", "{65D3A474-2186-4ED4-BCBE-73866E6C67FE}"
EndProject
Project("{FAE04EC0-301F-11D3-BF4B-00C04F79EFBC}") = "SocketLite.WinRT", "Foundation\SocketLite.WinRT\SocketLite.WinRT.csproj", "{3A766976-71AD-43ED-AD14-0B267857E444}"
EndProject
Project("{FAE04EC0-301F-11D3-BF4B-00C04F79EFBC}") = "SocketLite.NET", "Foundation\SocketLite.NET\SocketLite.NET.csproj", "{4A312813-657F-4911-96DC-A46CBF7CB22A}"
EndProject
Project("{2150E333-8FDC-42A3-9474-1A3956D46DE8}") = "Test", "Test", "{8DAB0A79-25E3-4448-9D30-1EEF912A1155}"
EndProject
Project("{FAE04EC0-301F-11D3-BF4B-00C04F79EFBC}") = "SocketLite.UWP.Tests", "..\test\SocketLite.UWP.Tests\SocketLite.UWP.Tests.csproj", "{B78D6469-DBF6-484F-A946-F43776931C74}"
EndProject
Project("{FAE04EC0-301F-11D3-BF4B-00C04F79EFBC}") = "SocketListe.Console.NET.Tests", "..\test\SocketListe.Console.NET.Tests\SocketListe.Console.NET.Tests.csproj", "{779B1F2C-7F95-4AA2-97AD-97B338BD5B48}"
EndProject
Project("{FAE04EC0-301F-11D3-BF4B-00C04F79EFBC}") = "UwpTestApp", "..\test\UwpTestApp\UwpTestApp.csproj", "{0CBD8F4E-98D4-4984-B1F1-44AEA0B4ADAD}"
EndProject
Project("{FAE04EC0-301F-11D3-BF4B-00C04F79EFBC}") = "SocketLite.Android.Test", "..\test\SocketLite.Android.Test\SocketLite.Android.Test.csproj", "{AE83928B-62BB-4F9B-AEFA-C6B30A7E18DA}"
EndProject
Global
	GlobalSection(SolutionConfigurationPlatforms) = preSolution
		Ad-Hoc|Any CPU = Ad-Hoc|Any CPU
		Ad-Hoc|ARM = Ad-Hoc|ARM
		Ad-Hoc|iPhone = Ad-Hoc|iPhone
		Ad-Hoc|iPhoneSimulator = Ad-Hoc|iPhoneSimulator
		Ad-Hoc|x64 = Ad-Hoc|x64
		Ad-Hoc|x86 = Ad-Hoc|x86
		AppStore|Any CPU = AppStore|Any CPU
		AppStore|ARM = AppStore|ARM
		AppStore|iPhone = AppStore|iPhone
		AppStore|iPhoneSimulator = AppStore|iPhoneSimulator
		AppStore|x64 = AppStore|x64
		AppStore|x86 = AppStore|x86
		Debug|Any CPU = Debug|Any CPU
		Debug|ARM = Debug|ARM
		Debug|iPhone = Debug|iPhone
		Debug|iPhoneSimulator = Debug|iPhoneSimulator
		Debug|x64 = Debug|x64
		Debug|x86 = Debug|x86
		Release|Any CPU = Release|Any CPU
		Release|ARM = Release|ARM
		Release|iPhone = Release|iPhone
		Release|iPhoneSimulator = Release|iPhoneSimulator
		Release|x64 = Release|x64
		Release|x86 = Release|x86
	EndGlobalSection
	GlobalSection(ProjectConfigurationPlatforms) = postSolution
		{EEE36E05-DCBC-4B35-B47B-94D0E9E9FA0F}.Ad-Hoc|Any CPU.ActiveCfg = Debug|Any CPU
		{EEE36E05-DCBC-4B35-B47B-94D0E9E9FA0F}.Ad-Hoc|Any CPU.Build.0 = Debug|Any CPU
		{EEE36E05-DCBC-4B35-B47B-94D0E9E9FA0F}.Ad-Hoc|ARM.ActiveCfg = Debug|Any CPU
		{EEE36E05-DCBC-4B35-B47B-94D0E9E9FA0F}.Ad-Hoc|ARM.Build.0 = Debug|Any CPU
		{EEE36E05-DCBC-4B35-B47B-94D0E9E9FA0F}.Ad-Hoc|iPhone.ActiveCfg = Debug|Any CPU
		{EEE36E05-DCBC-4B35-B47B-94D0E9E9FA0F}.Ad-Hoc|iPhone.Build.0 = Debug|Any CPU
		{EEE36E05-DCBC-4B35-B47B-94D0E9E9FA0F}.Ad-Hoc|iPhoneSimulator.ActiveCfg = Debug|Any CPU
		{EEE36E05-DCBC-4B35-B47B-94D0E9E9FA0F}.Ad-Hoc|iPhoneSimulator.Build.0 = Debug|Any CPU
		{EEE36E05-DCBC-4B35-B47B-94D0E9E9FA0F}.Ad-Hoc|x64.ActiveCfg = Debug|Any CPU
		{EEE36E05-DCBC-4B35-B47B-94D0E9E9FA0F}.Ad-Hoc|x64.Build.0 = Debug|Any CPU
		{EEE36E05-DCBC-4B35-B47B-94D0E9E9FA0F}.Ad-Hoc|x86.ActiveCfg = Debug|Any CPU
		{EEE36E05-DCBC-4B35-B47B-94D0E9E9FA0F}.Ad-Hoc|x86.Build.0 = Debug|Any CPU
		{EEE36E05-DCBC-4B35-B47B-94D0E9E9FA0F}.AppStore|Any CPU.ActiveCfg = Release|Any CPU
		{EEE36E05-DCBC-4B35-B47B-94D0E9E9FA0F}.AppStore|Any CPU.Build.0 = Release|Any CPU
		{EEE36E05-DCBC-4B35-B47B-94D0E9E9FA0F}.AppStore|ARM.ActiveCfg = Release|Any CPU
		{EEE36E05-DCBC-4B35-B47B-94D0E9E9FA0F}.AppStore|ARM.Build.0 = Release|Any CPU
		{EEE36E05-DCBC-4B35-B47B-94D0E9E9FA0F}.AppStore|iPhone.ActiveCfg = Debug|Any CPU
		{EEE36E05-DCBC-4B35-B47B-94D0E9E9FA0F}.AppStore|iPhone.Build.0 = Debug|Any CPU
		{EEE36E05-DCBC-4B35-B47B-94D0E9E9FA0F}.AppStore|iPhoneSimulator.ActiveCfg = Debug|Any CPU
		{EEE36E05-DCBC-4B35-B47B-94D0E9E9FA0F}.AppStore|iPhoneSimulator.Build.0 = Debug|Any CPU
		{EEE36E05-DCBC-4B35-B47B-94D0E9E9FA0F}.AppStore|x64.ActiveCfg = Release|Any CPU
		{EEE36E05-DCBC-4B35-B47B-94D0E9E9FA0F}.AppStore|x64.Build.0 = Release|Any CPU
		{EEE36E05-DCBC-4B35-B47B-94D0E9E9FA0F}.AppStore|x86.ActiveCfg = Release|Any CPU
		{EEE36E05-DCBC-4B35-B47B-94D0E9E9FA0F}.AppStore|x86.Build.0 = Release|Any CPU
		{EEE36E05-DCBC-4B35-B47B-94D0E9E9FA0F}.Debug|Any CPU.ActiveCfg = Debug|Any CPU
		{EEE36E05-DCBC-4B35-B47B-94D0E9E9FA0F}.Debug|Any CPU.Build.0 = Debug|Any CPU
		{EEE36E05-DCBC-4B35-B47B-94D0E9E9FA0F}.Debug|ARM.ActiveCfg = Debug|Any CPU
		{EEE36E05-DCBC-4B35-B47B-94D0E9E9FA0F}.Debug|ARM.Build.0 = Debug|Any CPU
		{EEE36E05-DCBC-4B35-B47B-94D0E9E9FA0F}.Debug|iPhone.ActiveCfg = Debug|Any CPU
		{EEE36E05-DCBC-4B35-B47B-94D0E9E9FA0F}.Debug|iPhone.Build.0 = Debug|Any CPU
		{EEE36E05-DCBC-4B35-B47B-94D0E9E9FA0F}.Debug|iPhoneSimulator.ActiveCfg = Debug|Any CPU
		{EEE36E05-DCBC-4B35-B47B-94D0E9E9FA0F}.Debug|iPhoneSimulator.Build.0 = Debug|Any CPU
		{EEE36E05-DCBC-4B35-B47B-94D0E9E9FA0F}.Debug|x64.ActiveCfg = Debug|Any CPU
		{EEE36E05-DCBC-4B35-B47B-94D0E9E9FA0F}.Debug|x64.Build.0 = Debug|Any CPU
		{EEE36E05-DCBC-4B35-B47B-94D0E9E9FA0F}.Debug|x86.ActiveCfg = Debug|Any CPU
		{EEE36E05-DCBC-4B35-B47B-94D0E9E9FA0F}.Debug|x86.Build.0 = Debug|Any CPU
		{EEE36E05-DCBC-4B35-B47B-94D0E9E9FA0F}.Release|Any CPU.ActiveCfg = Release|Any CPU
		{EEE36E05-DCBC-4B35-B47B-94D0E9E9FA0F}.Release|Any CPU.Build.0 = Release|Any CPU
		{EEE36E05-DCBC-4B35-B47B-94D0E9E9FA0F}.Release|ARM.ActiveCfg = Release|Any CPU
		{EEE36E05-DCBC-4B35-B47B-94D0E9E9FA0F}.Release|ARM.Build.0 = Release|Any CPU
		{EEE36E05-DCBC-4B35-B47B-94D0E9E9FA0F}.Release|iPhone.ActiveCfg = Release|Any CPU
		{EEE36E05-DCBC-4B35-B47B-94D0E9E9FA0F}.Release|iPhone.Build.0 = Release|Any CPU
		{EEE36E05-DCBC-4B35-B47B-94D0E9E9FA0F}.Release|iPhoneSimulator.ActiveCfg = Release|Any CPU
		{EEE36E05-DCBC-4B35-B47B-94D0E9E9FA0F}.Release|iPhoneSimulator.Build.0 = Release|Any CPU
		{EEE36E05-DCBC-4B35-B47B-94D0E9E9FA0F}.Release|x64.ActiveCfg = Release|Any CPU
		{EEE36E05-DCBC-4B35-B47B-94D0E9E9FA0F}.Release|x64.Build.0 = Release|Any CPU
		{EEE36E05-DCBC-4B35-B47B-94D0E9E9FA0F}.Release|x86.ActiveCfg = Release|Any CPU
		{EEE36E05-DCBC-4B35-B47B-94D0E9E9FA0F}.Release|x86.Build.0 = Release|Any CPU
		{1752265E-FFAB-4A20-B3F7-83789CB8B125}.Ad-Hoc|Any CPU.ActiveCfg = Debug|Any CPU
		{1752265E-FFAB-4A20-B3F7-83789CB8B125}.Ad-Hoc|Any CPU.Build.0 = Debug|Any CPU
		{1752265E-FFAB-4A20-B3F7-83789CB8B125}.Ad-Hoc|ARM.ActiveCfg = Debug|Any CPU
		{1752265E-FFAB-4A20-B3F7-83789CB8B125}.Ad-Hoc|ARM.Build.0 = Debug|Any CPU
		{1752265E-FFAB-4A20-B3F7-83789CB8B125}.Ad-Hoc|iPhone.ActiveCfg = Debug|Any CPU
		{1752265E-FFAB-4A20-B3F7-83789CB8B125}.Ad-Hoc|iPhone.Build.0 = Debug|Any CPU
		{1752265E-FFAB-4A20-B3F7-83789CB8B125}.Ad-Hoc|iPhoneSimulator.ActiveCfg = Debug|Any CPU
		{1752265E-FFAB-4A20-B3F7-83789CB8B125}.Ad-Hoc|iPhoneSimulator.Build.0 = Debug|Any CPU
		{1752265E-FFAB-4A20-B3F7-83789CB8B125}.Ad-Hoc|x64.ActiveCfg = Debug|Any CPU
		{1752265E-FFAB-4A20-B3F7-83789CB8B125}.Ad-Hoc|x64.Build.0 = Debug|Any CPU
		{1752265E-FFAB-4A20-B3F7-83789CB8B125}.Ad-Hoc|x86.ActiveCfg = Debug|Any CPU
		{1752265E-FFAB-4A20-B3F7-83789CB8B125}.Ad-Hoc|x86.Build.0 = Debug|Any CPU
		{1752265E-FFAB-4A20-B3F7-83789CB8B125}.AppStore|Any CPU.ActiveCfg = Release|Any CPU
		{1752265E-FFAB-4A20-B3F7-83789CB8B125}.AppStore|Any CPU.Build.0 = Release|Any CPU
		{1752265E-FFAB-4A20-B3F7-83789CB8B125}.AppStore|ARM.ActiveCfg = Release|Any CPU
		{1752265E-FFAB-4A20-B3F7-83789CB8B125}.AppStore|ARM.Build.0 = Release|Any CPU
		{1752265E-FFAB-4A20-B3F7-83789CB8B125}.AppStore|iPhone.ActiveCfg = Debug|Any CPU
		{1752265E-FFAB-4A20-B3F7-83789CB8B125}.AppStore|iPhone.Build.0 = Debug|Any CPU
		{1752265E-FFAB-4A20-B3F7-83789CB8B125}.AppStore|iPhoneSimulator.ActiveCfg = Debug|Any CPU
		{1752265E-FFAB-4A20-B3F7-83789CB8B125}.AppStore|iPhoneSimulator.Build.0 = Debug|Any CPU
		{1752265E-FFAB-4A20-B3F7-83789CB8B125}.AppStore|x64.ActiveCfg = Release|Any CPU
		{1752265E-FFAB-4A20-B3F7-83789CB8B125}.AppStore|x64.Build.0 = Release|Any CPU
		{1752265E-FFAB-4A20-B3F7-83789CB8B125}.AppStore|x86.ActiveCfg = Release|Any CPU
		{1752265E-FFAB-4A20-B3F7-83789CB8B125}.AppStore|x86.Build.0 = Release|Any CPU
		{1752265E-FFAB-4A20-B3F7-83789CB8B125}.Debug|Any CPU.ActiveCfg = Debug|Any CPU
		{1752265E-FFAB-4A20-B3F7-83789CB8B125}.Debug|Any CPU.Build.0 = Debug|Any CPU
		{1752265E-FFAB-4A20-B3F7-83789CB8B125}.Debug|ARM.ActiveCfg = Debug|Any CPU
		{1752265E-FFAB-4A20-B3F7-83789CB8B125}.Debug|ARM.Build.0 = Debug|Any CPU
		{1752265E-FFAB-4A20-B3F7-83789CB8B125}.Debug|iPhone.ActiveCfg = Debug|Any CPU
		{1752265E-FFAB-4A20-B3F7-83789CB8B125}.Debug|iPhone.Build.0 = Debug|Any CPU
		{1752265E-FFAB-4A20-B3F7-83789CB8B125}.Debug|iPhoneSimulator.ActiveCfg = Debug|Any CPU
		{1752265E-FFAB-4A20-B3F7-83789CB8B125}.Debug|iPhoneSimulator.Build.0 = Debug|Any CPU
		{1752265E-FFAB-4A20-B3F7-83789CB8B125}.Debug|x64.ActiveCfg = Debug|Any CPU
		{1752265E-FFAB-4A20-B3F7-83789CB8B125}.Debug|x64.Build.0 = Debug|Any CPU
		{1752265E-FFAB-4A20-B3F7-83789CB8B125}.Debug|x86.ActiveCfg = Debug|Any CPU
		{1752265E-FFAB-4A20-B3F7-83789CB8B125}.Debug|x86.Build.0 = Debug|Any CPU
		{1752265E-FFAB-4A20-B3F7-83789CB8B125}.Release|Any CPU.ActiveCfg = Release|Any CPU
		{1752265E-FFAB-4A20-B3F7-83789CB8B125}.Release|Any CPU.Build.0 = Release|Any CPU
		{1752265E-FFAB-4A20-B3F7-83789CB8B125}.Release|ARM.ActiveCfg = Release|Any CPU
		{1752265E-FFAB-4A20-B3F7-83789CB8B125}.Release|ARM.Build.0 = Release|Any CPU
		{1752265E-FFAB-4A20-B3F7-83789CB8B125}.Release|iPhone.ActiveCfg = Release|Any CPU
		{1752265E-FFAB-4A20-B3F7-83789CB8B125}.Release|iPhone.Build.0 = Release|Any CPU
		{1752265E-FFAB-4A20-B3F7-83789CB8B125}.Release|iPhoneSimulator.ActiveCfg = Release|Any CPU
		{1752265E-FFAB-4A20-B3F7-83789CB8B125}.Release|iPhoneSimulator.Build.0 = Release|Any CPU
		{1752265E-FFAB-4A20-B3F7-83789CB8B125}.Release|x64.ActiveCfg = Release|Any CPU
		{1752265E-FFAB-4A20-B3F7-83789CB8B125}.Release|x64.Build.0 = Release|Any CPU
		{1752265E-FFAB-4A20-B3F7-83789CB8B125}.Release|x86.ActiveCfg = Release|Any CPU
		{1752265E-FFAB-4A20-B3F7-83789CB8B125}.Release|x86.Build.0 = Release|Any CPU
		{B6705BCA-3043-4AED-B1F9-C01B3A579FF9}.Ad-Hoc|Any CPU.ActiveCfg = Debug|Any CPU
		{B6705BCA-3043-4AED-B1F9-C01B3A579FF9}.Ad-Hoc|Any CPU.Build.0 = Debug|Any CPU
		{B6705BCA-3043-4AED-B1F9-C01B3A579FF9}.Ad-Hoc|ARM.ActiveCfg = Debug|Any CPU
		{B6705BCA-3043-4AED-B1F9-C01B3A579FF9}.Ad-Hoc|ARM.Build.0 = Debug|Any CPU
		{B6705BCA-3043-4AED-B1F9-C01B3A579FF9}.Ad-Hoc|iPhone.ActiveCfg = Debug|Any CPU
		{B6705BCA-3043-4AED-B1F9-C01B3A579FF9}.Ad-Hoc|iPhone.Build.0 = Debug|Any CPU
		{B6705BCA-3043-4AED-B1F9-C01B3A579FF9}.Ad-Hoc|iPhoneSimulator.ActiveCfg = Debug|Any CPU
		{B6705BCA-3043-4AED-B1F9-C01B3A579FF9}.Ad-Hoc|iPhoneSimulator.Build.0 = Debug|Any CPU
		{B6705BCA-3043-4AED-B1F9-C01B3A579FF9}.Ad-Hoc|x64.ActiveCfg = Debug|Any CPU
		{B6705BCA-3043-4AED-B1F9-C01B3A579FF9}.Ad-Hoc|x64.Build.0 = Debug|Any CPU
		{B6705BCA-3043-4AED-B1F9-C01B3A579FF9}.Ad-Hoc|x86.ActiveCfg = Debug|Any CPU
		{B6705BCA-3043-4AED-B1F9-C01B3A579FF9}.Ad-Hoc|x86.Build.0 = Debug|Any CPU
		{B6705BCA-3043-4AED-B1F9-C01B3A579FF9}.AppStore|Any CPU.ActiveCfg = Release|Any CPU
		{B6705BCA-3043-4AED-B1F9-C01B3A579FF9}.AppStore|Any CPU.Build.0 = Release|Any CPU
		{B6705BCA-3043-4AED-B1F9-C01B3A579FF9}.AppStore|ARM.ActiveCfg = Release|Any CPU
		{B6705BCA-3043-4AED-B1F9-C01B3A579FF9}.AppStore|ARM.Build.0 = Release|Any CPU
		{B6705BCA-3043-4AED-B1F9-C01B3A579FF9}.AppStore|iPhone.ActiveCfg = Debug|Any CPU
		{B6705BCA-3043-4AED-B1F9-C01B3A579FF9}.AppStore|iPhone.Build.0 = Debug|Any CPU
		{B6705BCA-3043-4AED-B1F9-C01B3A579FF9}.AppStore|iPhoneSimulator.ActiveCfg = Debug|Any CPU
		{B6705BCA-3043-4AED-B1F9-C01B3A579FF9}.AppStore|iPhoneSimulator.Build.0 = Debug|Any CPU
		{B6705BCA-3043-4AED-B1F9-C01B3A579FF9}.AppStore|x64.ActiveCfg = Release|Any CPU
		{B6705BCA-3043-4AED-B1F9-C01B3A579FF9}.AppStore|x64.Build.0 = Release|Any CPU
		{B6705BCA-3043-4AED-B1F9-C01B3A579FF9}.AppStore|x86.ActiveCfg = Release|Any CPU
		{B6705BCA-3043-4AED-B1F9-C01B3A579FF9}.AppStore|x86.Build.0 = Release|Any CPU
		{B6705BCA-3043-4AED-B1F9-C01B3A579FF9}.Debug|Any CPU.ActiveCfg = Debug|Any CPU
		{B6705BCA-3043-4AED-B1F9-C01B3A579FF9}.Debug|Any CPU.Build.0 = Debug|Any CPU
		{B6705BCA-3043-4AED-B1F9-C01B3A579FF9}.Debug|ARM.ActiveCfg = Debug|Any CPU
		{B6705BCA-3043-4AED-B1F9-C01B3A579FF9}.Debug|ARM.Build.0 = Debug|Any CPU
		{B6705BCA-3043-4AED-B1F9-C01B3A579FF9}.Debug|iPhone.ActiveCfg = Debug|Any CPU
		{B6705BCA-3043-4AED-B1F9-C01B3A579FF9}.Debug|iPhone.Build.0 = Debug|Any CPU
		{B6705BCA-3043-4AED-B1F9-C01B3A579FF9}.Debug|iPhoneSimulator.ActiveCfg = Debug|Any CPU
		{B6705BCA-3043-4AED-B1F9-C01B3A579FF9}.Debug|iPhoneSimulator.Build.0 = Debug|Any CPU
		{B6705BCA-3043-4AED-B1F9-C01B3A579FF9}.Debug|x64.ActiveCfg = Debug|Any CPU
		{B6705BCA-3043-4AED-B1F9-C01B3A579FF9}.Debug|x64.Build.0 = Debug|Any CPU
		{B6705BCA-3043-4AED-B1F9-C01B3A579FF9}.Debug|x86.ActiveCfg = Debug|Any CPU
		{B6705BCA-3043-4AED-B1F9-C01B3A579FF9}.Debug|x86.Build.0 = Debug|Any CPU
		{B6705BCA-3043-4AED-B1F9-C01B3A579FF9}.Release|Any CPU.ActiveCfg = Release|Any CPU
		{B6705BCA-3043-4AED-B1F9-C01B3A579FF9}.Release|Any CPU.Build.0 = Release|Any CPU
		{B6705BCA-3043-4AED-B1F9-C01B3A579FF9}.Release|ARM.ActiveCfg = Release|Any CPU
		{B6705BCA-3043-4AED-B1F9-C01B3A579FF9}.Release|ARM.Build.0 = Release|Any CPU
		{B6705BCA-3043-4AED-B1F9-C01B3A579FF9}.Release|iPhone.ActiveCfg = Release|Any CPU
		{B6705BCA-3043-4AED-B1F9-C01B3A579FF9}.Release|iPhone.Build.0 = Release|Any CPU
		{B6705BCA-3043-4AED-B1F9-C01B3A579FF9}.Release|iPhoneSimulator.ActiveCfg = Release|Any CPU
		{B6705BCA-3043-4AED-B1F9-C01B3A579FF9}.Release|iPhoneSimulator.Build.0 = Release|Any CPU
		{B6705BCA-3043-4AED-B1F9-C01B3A579FF9}.Release|x64.ActiveCfg = Release|Any CPU
		{B6705BCA-3043-4AED-B1F9-C01B3A579FF9}.Release|x64.Build.0 = Release|Any CPU
		{B6705BCA-3043-4AED-B1F9-C01B3A579FF9}.Release|x86.ActiveCfg = Release|Any CPU
		{B6705BCA-3043-4AED-B1F9-C01B3A579FF9}.Release|x86.Build.0 = Release|Any CPU
		{FF7174F1-189C-4215-96E7-B6693535B761}.Ad-Hoc|Any CPU.ActiveCfg = Release|Any CPU
		{FF7174F1-189C-4215-96E7-B6693535B761}.Ad-Hoc|Any CPU.Build.0 = Release|Any CPU
		{FF7174F1-189C-4215-96E7-B6693535B761}.Ad-Hoc|ARM.ActiveCfg = Release|Any CPU
		{FF7174F1-189C-4215-96E7-B6693535B761}.Ad-Hoc|ARM.Build.0 = Release|Any CPU
		{FF7174F1-189C-4215-96E7-B6693535B761}.Ad-Hoc|iPhone.ActiveCfg = Release|Any CPU
		{FF7174F1-189C-4215-96E7-B6693535B761}.Ad-Hoc|iPhone.Build.0 = Release|Any CPU
		{FF7174F1-189C-4215-96E7-B6693535B761}.Ad-Hoc|iPhoneSimulator.ActiveCfg = Release|Any CPU
		{FF7174F1-189C-4215-96E7-B6693535B761}.Ad-Hoc|iPhoneSimulator.Build.0 = Release|Any CPU
		{FF7174F1-189C-4215-96E7-B6693535B761}.Ad-Hoc|x64.ActiveCfg = Release|Any CPU
		{FF7174F1-189C-4215-96E7-B6693535B761}.Ad-Hoc|x64.Build.0 = Release|Any CPU
		{FF7174F1-189C-4215-96E7-B6693535B761}.Ad-Hoc|x86.ActiveCfg = Release|Any CPU
		{FF7174F1-189C-4215-96E7-B6693535B761}.Ad-Hoc|x86.Build.0 = Release|Any CPU
		{FF7174F1-189C-4215-96E7-B6693535B761}.AppStore|Any CPU.ActiveCfg = Release|Any CPU
		{FF7174F1-189C-4215-96E7-B6693535B761}.AppStore|Any CPU.Build.0 = Release|Any CPU
		{FF7174F1-189C-4215-96E7-B6693535B761}.AppStore|ARM.ActiveCfg = Release|Any CPU
		{FF7174F1-189C-4215-96E7-B6693535B761}.AppStore|ARM.Build.0 = Release|Any CPU
		{FF7174F1-189C-4215-96E7-B6693535B761}.AppStore|iPhone.ActiveCfg = Release|Any CPU
		{FF7174F1-189C-4215-96E7-B6693535B761}.AppStore|iPhone.Build.0 = Release|Any CPU
		{FF7174F1-189C-4215-96E7-B6693535B761}.AppStore|iPhoneSimulator.ActiveCfg = Release|Any CPU
		{FF7174F1-189C-4215-96E7-B6693535B761}.AppStore|iPhoneSimulator.Build.0 = Release|Any CPU
		{FF7174F1-189C-4215-96E7-B6693535B761}.AppStore|x64.ActiveCfg = Release|Any CPU
		{FF7174F1-189C-4215-96E7-B6693535B761}.AppStore|x64.Build.0 = Release|Any CPU
		{FF7174F1-189C-4215-96E7-B6693535B761}.AppStore|x86.ActiveCfg = Release|Any CPU
		{FF7174F1-189C-4215-96E7-B6693535B761}.AppStore|x86.Build.0 = Release|Any CPU
		{FF7174F1-189C-4215-96E7-B6693535B761}.Debug|Any CPU.ActiveCfg = Debug|Any CPU
		{FF7174F1-189C-4215-96E7-B6693535B761}.Debug|Any CPU.Build.0 = Debug|Any CPU
		{FF7174F1-189C-4215-96E7-B6693535B761}.Debug|ARM.ActiveCfg = Debug|Any CPU
		{FF7174F1-189C-4215-96E7-B6693535B761}.Debug|ARM.Build.0 = Debug|Any CPU
		{FF7174F1-189C-4215-96E7-B6693535B761}.Debug|iPhone.ActiveCfg = Debug|Any CPU
		{FF7174F1-189C-4215-96E7-B6693535B761}.Debug|iPhone.Build.0 = Debug|Any CPU
		{FF7174F1-189C-4215-96E7-B6693535B761}.Debug|iPhoneSimulator.ActiveCfg = Debug|Any CPU
		{FF7174F1-189C-4215-96E7-B6693535B761}.Debug|iPhoneSimulator.Build.0 = Debug|Any CPU
		{FF7174F1-189C-4215-96E7-B6693535B761}.Debug|x64.ActiveCfg = Debug|Any CPU
		{FF7174F1-189C-4215-96E7-B6693535B761}.Debug|x64.Build.0 = Debug|Any CPU
		{FF7174F1-189C-4215-96E7-B6693535B761}.Debug|x86.ActiveCfg = Debug|Any CPU
		{FF7174F1-189C-4215-96E7-B6693535B761}.Debug|x86.Build.0 = Debug|Any CPU
		{FF7174F1-189C-4215-96E7-B6693535B761}.Release|Any CPU.ActiveCfg = Release|Any CPU
		{FF7174F1-189C-4215-96E7-B6693535B761}.Release|Any CPU.Build.0 = Release|Any CPU
		{FF7174F1-189C-4215-96E7-B6693535B761}.Release|ARM.ActiveCfg = Release|Any CPU
		{FF7174F1-189C-4215-96E7-B6693535B761}.Release|ARM.Build.0 = Release|Any CPU
		{FF7174F1-189C-4215-96E7-B6693535B761}.Release|iPhone.ActiveCfg = Release|Any CPU
		{FF7174F1-189C-4215-96E7-B6693535B761}.Release|iPhone.Build.0 = Release|Any CPU
		{FF7174F1-189C-4215-96E7-B6693535B761}.Release|iPhoneSimulator.ActiveCfg = Release|Any CPU
		{FF7174F1-189C-4215-96E7-B6693535B761}.Release|iPhoneSimulator.Build.0 = Release|Any CPU
		{FF7174F1-189C-4215-96E7-B6693535B761}.Release|x64.ActiveCfg = Release|Any CPU
		{FF7174F1-189C-4215-96E7-B6693535B761}.Release|x64.Build.0 = Release|Any CPU
		{FF7174F1-189C-4215-96E7-B6693535B761}.Release|x86.ActiveCfg = Release|Any CPU
		{FF7174F1-189C-4215-96E7-B6693535B761}.Release|x86.Build.0 = Release|Any CPU
		{38FBD190-69AD-4BDB-B342-6EC2E29C79E5}.Ad-Hoc|Any CPU.ActiveCfg = Debug|Any CPU
		{38FBD190-69AD-4BDB-B342-6EC2E29C79E5}.Ad-Hoc|Any CPU.Build.0 = Debug|Any CPU
		{38FBD190-69AD-4BDB-B342-6EC2E29C79E5}.Ad-Hoc|ARM.ActiveCfg = Debug|ARM
		{38FBD190-69AD-4BDB-B342-6EC2E29C79E5}.Ad-Hoc|ARM.Build.0 = Debug|ARM
		{38FBD190-69AD-4BDB-B342-6EC2E29C79E5}.Ad-Hoc|iPhone.ActiveCfg = Debug|Any CPU
		{38FBD190-69AD-4BDB-B342-6EC2E29C79E5}.Ad-Hoc|iPhone.Build.0 = Debug|Any CPU
		{38FBD190-69AD-4BDB-B342-6EC2E29C79E5}.Ad-Hoc|iPhoneSimulator.ActiveCfg = Debug|Any CPU
		{38FBD190-69AD-4BDB-B342-6EC2E29C79E5}.Ad-Hoc|iPhoneSimulator.Build.0 = Debug|Any CPU
		{38FBD190-69AD-4BDB-B342-6EC2E29C79E5}.Ad-Hoc|x64.ActiveCfg = Debug|x64
		{38FBD190-69AD-4BDB-B342-6EC2E29C79E5}.Ad-Hoc|x64.Build.0 = Debug|x64
		{38FBD190-69AD-4BDB-B342-6EC2E29C79E5}.Ad-Hoc|x86.ActiveCfg = Debug|x86
		{38FBD190-69AD-4BDB-B342-6EC2E29C79E5}.Ad-Hoc|x86.Build.0 = Debug|x86
		{38FBD190-69AD-4BDB-B342-6EC2E29C79E5}.AppStore|Any CPU.ActiveCfg = Release|Any CPU
		{38FBD190-69AD-4BDB-B342-6EC2E29C79E5}.AppStore|Any CPU.Build.0 = Release|Any CPU
		{38FBD190-69AD-4BDB-B342-6EC2E29C79E5}.AppStore|ARM.ActiveCfg = Release|ARM
		{38FBD190-69AD-4BDB-B342-6EC2E29C79E5}.AppStore|ARM.Build.0 = Release|ARM
		{38FBD190-69AD-4BDB-B342-6EC2E29C79E5}.AppStore|iPhone.ActiveCfg = Debug|Any CPU
		{38FBD190-69AD-4BDB-B342-6EC2E29C79E5}.AppStore|iPhone.Build.0 = Debug|Any CPU
		{38FBD190-69AD-4BDB-B342-6EC2E29C79E5}.AppStore|iPhoneSimulator.ActiveCfg = Debug|Any CPU
		{38FBD190-69AD-4BDB-B342-6EC2E29C79E5}.AppStore|iPhoneSimulator.Build.0 = Debug|Any CPU
		{38FBD190-69AD-4BDB-B342-6EC2E29C79E5}.AppStore|x64.ActiveCfg = Release|x64
		{38FBD190-69AD-4BDB-B342-6EC2E29C79E5}.AppStore|x64.Build.0 = Release|x64
		{38FBD190-69AD-4BDB-B342-6EC2E29C79E5}.AppStore|x86.ActiveCfg = Release|x86
		{38FBD190-69AD-4BDB-B342-6EC2E29C79E5}.AppStore|x86.Build.0 = Release|x86
		{38FBD190-69AD-4BDB-B342-6EC2E29C79E5}.Debug|Any CPU.ActiveCfg = Debug|Any CPU
		{38FBD190-69AD-4BDB-B342-6EC2E29C79E5}.Debug|Any CPU.Build.0 = Debug|Any CPU
		{38FBD190-69AD-4BDB-B342-6EC2E29C79E5}.Debug|ARM.ActiveCfg = Debug|ARM
		{38FBD190-69AD-4BDB-B342-6EC2E29C79E5}.Debug|ARM.Build.0 = Debug|ARM
		{38FBD190-69AD-4BDB-B342-6EC2E29C79E5}.Debug|iPhone.ActiveCfg = Debug|Any CPU
		{38FBD190-69AD-4BDB-B342-6EC2E29C79E5}.Debug|iPhone.Build.0 = Debug|Any CPU
		{38FBD190-69AD-4BDB-B342-6EC2E29C79E5}.Debug|iPhoneSimulator.ActiveCfg = Debug|Any CPU
		{38FBD190-69AD-4BDB-B342-6EC2E29C79E5}.Debug|iPhoneSimulator.Build.0 = Debug|Any CPU
		{38FBD190-69AD-4BDB-B342-6EC2E29C79E5}.Debug|x64.ActiveCfg = Debug|x64
		{38FBD190-69AD-4BDB-B342-6EC2E29C79E5}.Debug|x64.Build.0 = Debug|x64
		{38FBD190-69AD-4BDB-B342-6EC2E29C79E5}.Debug|x86.ActiveCfg = Debug|x86
		{38FBD190-69AD-4BDB-B342-6EC2E29C79E5}.Debug|x86.Build.0 = Debug|x86
		{38FBD190-69AD-4BDB-B342-6EC2E29C79E5}.Release|Any CPU.ActiveCfg = Release|Any CPU
		{38FBD190-69AD-4BDB-B342-6EC2E29C79E5}.Release|Any CPU.Build.0 = Release|Any CPU
		{38FBD190-69AD-4BDB-B342-6EC2E29C79E5}.Release|ARM.ActiveCfg = Release|ARM
		{38FBD190-69AD-4BDB-B342-6EC2E29C79E5}.Release|ARM.Build.0 = Release|ARM
		{38FBD190-69AD-4BDB-B342-6EC2E29C79E5}.Release|iPhone.ActiveCfg = Release|Any CPU
		{38FBD190-69AD-4BDB-B342-6EC2E29C79E5}.Release|iPhone.Build.0 = Release|Any CPU
		{38FBD190-69AD-4BDB-B342-6EC2E29C79E5}.Release|iPhoneSimulator.ActiveCfg = Release|Any CPU
		{38FBD190-69AD-4BDB-B342-6EC2E29C79E5}.Release|iPhoneSimulator.Build.0 = Release|Any CPU
		{38FBD190-69AD-4BDB-B342-6EC2E29C79E5}.Release|x64.ActiveCfg = Release|x64
		{38FBD190-69AD-4BDB-B342-6EC2E29C79E5}.Release|x64.Build.0 = Release|x64
		{38FBD190-69AD-4BDB-B342-6EC2E29C79E5}.Release|x86.ActiveCfg = Release|x86
		{38FBD190-69AD-4BDB-B342-6EC2E29C79E5}.Release|x86.Build.0 = Release|x86
		{3A766976-71AD-43ED-AD14-0B267857E444}.Ad-Hoc|Any CPU.ActiveCfg = Debug|Any CPU
		{3A766976-71AD-43ED-AD14-0B267857E444}.Ad-Hoc|Any CPU.Build.0 = Debug|Any CPU
		{3A766976-71AD-43ED-AD14-0B267857E444}.Ad-Hoc|ARM.ActiveCfg = Debug|Any CPU
		{3A766976-71AD-43ED-AD14-0B267857E444}.Ad-Hoc|ARM.Build.0 = Debug|Any CPU
		{3A766976-71AD-43ED-AD14-0B267857E444}.Ad-Hoc|iPhone.ActiveCfg = Debug|Any CPU
		{3A766976-71AD-43ED-AD14-0B267857E444}.Ad-Hoc|iPhone.Build.0 = Debug|Any CPU
		{3A766976-71AD-43ED-AD14-0B267857E444}.Ad-Hoc|iPhoneSimulator.ActiveCfg = Debug|Any CPU
		{3A766976-71AD-43ED-AD14-0B267857E444}.Ad-Hoc|iPhoneSimulator.Build.0 = Debug|Any CPU
		{3A766976-71AD-43ED-AD14-0B267857E444}.Ad-Hoc|x64.ActiveCfg = Debug|Any CPU
		{3A766976-71AD-43ED-AD14-0B267857E444}.Ad-Hoc|x64.Build.0 = Debug|Any CPU
		{3A766976-71AD-43ED-AD14-0B267857E444}.Ad-Hoc|x86.ActiveCfg = Debug|Any CPU
		{3A766976-71AD-43ED-AD14-0B267857E444}.Ad-Hoc|x86.Build.0 = Debug|Any CPU
		{3A766976-71AD-43ED-AD14-0B267857E444}.AppStore|Any CPU.ActiveCfg = Release|Any CPU
		{3A766976-71AD-43ED-AD14-0B267857E444}.AppStore|Any CPU.Build.0 = Release|Any CPU
		{3A766976-71AD-43ED-AD14-0B267857E444}.AppStore|ARM.ActiveCfg = Release|Any CPU
		{3A766976-71AD-43ED-AD14-0B267857E444}.AppStore|ARM.Build.0 = Release|Any CPU
		{3A766976-71AD-43ED-AD14-0B267857E444}.AppStore|iPhone.ActiveCfg = Debug|Any CPU
		{3A766976-71AD-43ED-AD14-0B267857E444}.AppStore|iPhone.Build.0 = Debug|Any CPU
		{3A766976-71AD-43ED-AD14-0B267857E444}.AppStore|iPhoneSimulator.ActiveCfg = Debug|Any CPU
		{3A766976-71AD-43ED-AD14-0B267857E444}.AppStore|iPhoneSimulator.Build.0 = Debug|Any CPU
		{3A766976-71AD-43ED-AD14-0B267857E444}.AppStore|x64.ActiveCfg = Release|Any CPU
		{3A766976-71AD-43ED-AD14-0B267857E444}.AppStore|x64.Build.0 = Release|Any CPU
		{3A766976-71AD-43ED-AD14-0B267857E444}.AppStore|x86.ActiveCfg = Release|Any CPU
		{3A766976-71AD-43ED-AD14-0B267857E444}.AppStore|x86.Build.0 = Release|Any CPU
		{3A766976-71AD-43ED-AD14-0B267857E444}.Debug|Any CPU.ActiveCfg = Debug|Any CPU
		{3A766976-71AD-43ED-AD14-0B267857E444}.Debug|Any CPU.Build.0 = Debug|Any CPU
		{3A766976-71AD-43ED-AD14-0B267857E444}.Debug|ARM.ActiveCfg = Debug|Any CPU
		{3A766976-71AD-43ED-AD14-0B267857E444}.Debug|ARM.Build.0 = Debug|Any CPU
		{3A766976-71AD-43ED-AD14-0B267857E444}.Debug|iPhone.ActiveCfg = Debug|Any CPU
		{3A766976-71AD-43ED-AD14-0B267857E444}.Debug|iPhone.Build.0 = Debug|Any CPU
		{3A766976-71AD-43ED-AD14-0B267857E444}.Debug|iPhoneSimulator.ActiveCfg = Debug|Any CPU
		{3A766976-71AD-43ED-AD14-0B267857E444}.Debug|iPhoneSimulator.Build.0 = Debug|Any CPU
		{3A766976-71AD-43ED-AD14-0B267857E444}.Debug|x64.ActiveCfg = Debug|Any CPU
		{3A766976-71AD-43ED-AD14-0B267857E444}.Debug|x64.Build.0 = Debug|Any CPU
		{3A766976-71AD-43ED-AD14-0B267857E444}.Debug|x86.ActiveCfg = Debug|Any CPU
		{3A766976-71AD-43ED-AD14-0B267857E444}.Debug|x86.Build.0 = Debug|Any CPU
		{3A766976-71AD-43ED-AD14-0B267857E444}.Release|Any CPU.ActiveCfg = Release|Any CPU
		{3A766976-71AD-43ED-AD14-0B267857E444}.Release|Any CPU.Build.0 = Release|Any CPU
		{3A766976-71AD-43ED-AD14-0B267857E444}.Release|ARM.ActiveCfg = Release|Any CPU
		{3A766976-71AD-43ED-AD14-0B267857E444}.Release|ARM.Build.0 = Release|Any CPU
		{3A766976-71AD-43ED-AD14-0B267857E444}.Release|iPhone.ActiveCfg = Release|Any CPU
		{3A766976-71AD-43ED-AD14-0B267857E444}.Release|iPhone.Build.0 = Release|Any CPU
		{3A766976-71AD-43ED-AD14-0B267857E444}.Release|iPhoneSimulator.ActiveCfg = Release|Any CPU
		{3A766976-71AD-43ED-AD14-0B267857E444}.Release|iPhoneSimulator.Build.0 = Release|Any CPU
		{3A766976-71AD-43ED-AD14-0B267857E444}.Release|x64.ActiveCfg = Release|Any CPU
		{3A766976-71AD-43ED-AD14-0B267857E444}.Release|x64.Build.0 = Release|Any CPU
		{3A766976-71AD-43ED-AD14-0B267857E444}.Release|x86.ActiveCfg = Release|Any CPU
		{3A766976-71AD-43ED-AD14-0B267857E444}.Release|x86.Build.0 = Release|Any CPU
		{4A312813-657F-4911-96DC-A46CBF7CB22A}.Ad-Hoc|Any CPU.ActiveCfg = Debug|Any CPU
		{4A312813-657F-4911-96DC-A46CBF7CB22A}.Ad-Hoc|Any CPU.Build.0 = Debug|Any CPU
		{4A312813-657F-4911-96DC-A46CBF7CB22A}.Ad-Hoc|ARM.ActiveCfg = Debug|Any CPU
		{4A312813-657F-4911-96DC-A46CBF7CB22A}.Ad-Hoc|ARM.Build.0 = Debug|Any CPU
		{4A312813-657F-4911-96DC-A46CBF7CB22A}.Ad-Hoc|iPhone.ActiveCfg = Debug|Any CPU
		{4A312813-657F-4911-96DC-A46CBF7CB22A}.Ad-Hoc|iPhone.Build.0 = Debug|Any CPU
		{4A312813-657F-4911-96DC-A46CBF7CB22A}.Ad-Hoc|iPhoneSimulator.ActiveCfg = Debug|Any CPU
		{4A312813-657F-4911-96DC-A46CBF7CB22A}.Ad-Hoc|iPhoneSimulator.Build.0 = Debug|Any CPU
		{4A312813-657F-4911-96DC-A46CBF7CB22A}.Ad-Hoc|x64.ActiveCfg = Debug|Any CPU
		{4A312813-657F-4911-96DC-A46CBF7CB22A}.Ad-Hoc|x64.Build.0 = Debug|Any CPU
		{4A312813-657F-4911-96DC-A46CBF7CB22A}.Ad-Hoc|x86.ActiveCfg = Debug|Any CPU
		{4A312813-657F-4911-96DC-A46CBF7CB22A}.Ad-Hoc|x86.Build.0 = Debug|Any CPU
		{4A312813-657F-4911-96DC-A46CBF7CB22A}.AppStore|Any CPU.ActiveCfg = Release|Any CPU
		{4A312813-657F-4911-96DC-A46CBF7CB22A}.AppStore|Any CPU.Build.0 = Release|Any CPU
		{4A312813-657F-4911-96DC-A46CBF7CB22A}.AppStore|ARM.ActiveCfg = Release|Any CPU
		{4A312813-657F-4911-96DC-A46CBF7CB22A}.AppStore|ARM.Build.0 = Release|Any CPU
		{4A312813-657F-4911-96DC-A46CBF7CB22A}.AppStore|iPhone.ActiveCfg = Debug|Any CPU
		{4A312813-657F-4911-96DC-A46CBF7CB22A}.AppStore|iPhone.Build.0 = Debug|Any CPU
		{4A312813-657F-4911-96DC-A46CBF7CB22A}.AppStore|iPhoneSimulator.ActiveCfg = Debug|Any CPU
		{4A312813-657F-4911-96DC-A46CBF7CB22A}.AppStore|iPhoneSimulator.Build.0 = Debug|Any CPU
		{4A312813-657F-4911-96DC-A46CBF7CB22A}.AppStore|x64.ActiveCfg = Release|Any CPU
		{4A312813-657F-4911-96DC-A46CBF7CB22A}.AppStore|x64.Build.0 = Release|Any CPU
		{4A312813-657F-4911-96DC-A46CBF7CB22A}.AppStore|x86.ActiveCfg = Release|Any CPU
		{4A312813-657F-4911-96DC-A46CBF7CB22A}.AppStore|x86.Build.0 = Release|Any CPU
		{4A312813-657F-4911-96DC-A46CBF7CB22A}.Debug|Any CPU.ActiveCfg = Debug|Any CPU
		{4A312813-657F-4911-96DC-A46CBF7CB22A}.Debug|Any CPU.Build.0 = Debug|Any CPU
		{4A312813-657F-4911-96DC-A46CBF7CB22A}.Debug|ARM.ActiveCfg = Debug|Any CPU
		{4A312813-657F-4911-96DC-A46CBF7CB22A}.Debug|ARM.Build.0 = Debug|Any CPU
		{4A312813-657F-4911-96DC-A46CBF7CB22A}.Debug|iPhone.ActiveCfg = Debug|Any CPU
		{4A312813-657F-4911-96DC-A46CBF7CB22A}.Debug|iPhone.Build.0 = Debug|Any CPU
		{4A312813-657F-4911-96DC-A46CBF7CB22A}.Debug|iPhoneSimulator.ActiveCfg = Debug|Any CPU
		{4A312813-657F-4911-96DC-A46CBF7CB22A}.Debug|iPhoneSimulator.Build.0 = Debug|Any CPU
		{4A312813-657F-4911-96DC-A46CBF7CB22A}.Debug|x64.ActiveCfg = Debug|Any CPU
		{4A312813-657F-4911-96DC-A46CBF7CB22A}.Debug|x64.Build.0 = Debug|Any CPU
		{4A312813-657F-4911-96DC-A46CBF7CB22A}.Debug|x86.ActiveCfg = Debug|Any CPU
		{4A312813-657F-4911-96DC-A46CBF7CB22A}.Debug|x86.Build.0 = Debug|Any CPU
		{4A312813-657F-4911-96DC-A46CBF7CB22A}.Release|Any CPU.ActiveCfg = Release|Any CPU
		{4A312813-657F-4911-96DC-A46CBF7CB22A}.Release|Any CPU.Build.0 = Release|Any CPU
		{4A312813-657F-4911-96DC-A46CBF7CB22A}.Release|ARM.ActiveCfg = Release|Any CPU
		{4A312813-657F-4911-96DC-A46CBF7CB22A}.Release|ARM.Build.0 = Release|Any CPU
		{4A312813-657F-4911-96DC-A46CBF7CB22A}.Release|iPhone.ActiveCfg = Release|Any CPU
		{4A312813-657F-4911-96DC-A46CBF7CB22A}.Release|iPhone.Build.0 = Release|Any CPU
		{4A312813-657F-4911-96DC-A46CBF7CB22A}.Release|iPhoneSimulator.ActiveCfg = Release|Any CPU
		{4A312813-657F-4911-96DC-A46CBF7CB22A}.Release|iPhoneSimulator.Build.0 = Release|Any CPU
		{4A312813-657F-4911-96DC-A46CBF7CB22A}.Release|x64.ActiveCfg = Release|Any CPU
		{4A312813-657F-4911-96DC-A46CBF7CB22A}.Release|x64.Build.0 = Release|Any CPU
		{4A312813-657F-4911-96DC-A46CBF7CB22A}.Release|x86.ActiveCfg = Release|Any CPU
		{4A312813-657F-4911-96DC-A46CBF7CB22A}.Release|x86.Build.0 = Release|Any CPU
		{B78D6469-DBF6-484F-A946-F43776931C74}.Ad-Hoc|Any CPU.ActiveCfg = Release|x64
		{B78D6469-DBF6-484F-A946-F43776931C74}.Ad-Hoc|Any CPU.Build.0 = Release|x64
		{B78D6469-DBF6-484F-A946-F43776931C74}.Ad-Hoc|Any CPU.Deploy.0 = Release|x64
		{B78D6469-DBF6-484F-A946-F43776931C74}.Ad-Hoc|ARM.ActiveCfg = Release|ARM
		{B78D6469-DBF6-484F-A946-F43776931C74}.Ad-Hoc|ARM.Build.0 = Release|ARM
		{B78D6469-DBF6-484F-A946-F43776931C74}.Ad-Hoc|ARM.Deploy.0 = Release|ARM
		{B78D6469-DBF6-484F-A946-F43776931C74}.Ad-Hoc|iPhone.ActiveCfg = Release|x64
		{B78D6469-DBF6-484F-A946-F43776931C74}.Ad-Hoc|iPhone.Build.0 = Release|x64
		{B78D6469-DBF6-484F-A946-F43776931C74}.Ad-Hoc|iPhone.Deploy.0 = Release|x64
		{B78D6469-DBF6-484F-A946-F43776931C74}.Ad-Hoc|iPhoneSimulator.ActiveCfg = Release|x64
		{B78D6469-DBF6-484F-A946-F43776931C74}.Ad-Hoc|iPhoneSimulator.Build.0 = Release|x64
		{B78D6469-DBF6-484F-A946-F43776931C74}.Ad-Hoc|iPhoneSimulator.Deploy.0 = Release|x64
		{B78D6469-DBF6-484F-A946-F43776931C74}.Ad-Hoc|x64.ActiveCfg = Release|x64
		{B78D6469-DBF6-484F-A946-F43776931C74}.Ad-Hoc|x64.Build.0 = Release|x64
		{B78D6469-DBF6-484F-A946-F43776931C74}.Ad-Hoc|x64.Deploy.0 = Release|x64
		{B78D6469-DBF6-484F-A946-F43776931C74}.Ad-Hoc|x86.ActiveCfg = Release|x86
		{B78D6469-DBF6-484F-A946-F43776931C74}.Ad-Hoc|x86.Build.0 = Release|x86
		{B78D6469-DBF6-484F-A946-F43776931C74}.Ad-Hoc|x86.Deploy.0 = Release|x86
		{B78D6469-DBF6-484F-A946-F43776931C74}.AppStore|Any CPU.ActiveCfg = Release|x64
		{B78D6469-DBF6-484F-A946-F43776931C74}.AppStore|Any CPU.Build.0 = Release|x64
		{B78D6469-DBF6-484F-A946-F43776931C74}.AppStore|Any CPU.Deploy.0 = Release|x64
		{B78D6469-DBF6-484F-A946-F43776931C74}.AppStore|ARM.ActiveCfg = Release|ARM
		{B78D6469-DBF6-484F-A946-F43776931C74}.AppStore|ARM.Build.0 = Release|ARM
		{B78D6469-DBF6-484F-A946-F43776931C74}.AppStore|ARM.Deploy.0 = Release|ARM
		{B78D6469-DBF6-484F-A946-F43776931C74}.AppStore|iPhone.ActiveCfg = Release|x64
		{B78D6469-DBF6-484F-A946-F43776931C74}.AppStore|iPhone.Build.0 = Release|x64
		{B78D6469-DBF6-484F-A946-F43776931C74}.AppStore|iPhone.Deploy.0 = Release|x64
		{B78D6469-DBF6-484F-A946-F43776931C74}.AppStore|iPhoneSimulator.ActiveCfg = Release|x64
		{B78D6469-DBF6-484F-A946-F43776931C74}.AppStore|iPhoneSimulator.Build.0 = Release|x64
		{B78D6469-DBF6-484F-A946-F43776931C74}.AppStore|iPhoneSimulator.Deploy.0 = Release|x64
		{B78D6469-DBF6-484F-A946-F43776931C74}.AppStore|x64.ActiveCfg = Release|x64
		{B78D6469-DBF6-484F-A946-F43776931C74}.AppStore|x64.Build.0 = Release|x64
		{B78D6469-DBF6-484F-A946-F43776931C74}.AppStore|x64.Deploy.0 = Release|x64
		{B78D6469-DBF6-484F-A946-F43776931C74}.AppStore|x86.ActiveCfg = Release|x86
		{B78D6469-DBF6-484F-A946-F43776931C74}.AppStore|x86.Build.0 = Release|x86
		{B78D6469-DBF6-484F-A946-F43776931C74}.AppStore|x86.Deploy.0 = Release|x86
		{B78D6469-DBF6-484F-A946-F43776931C74}.Debug|Any CPU.ActiveCfg = Debug|x86
		{B78D6469-DBF6-484F-A946-F43776931C74}.Debug|Any CPU.Deploy.0 = Debug|x86
		{B78D6469-DBF6-484F-A946-F43776931C74}.Debug|ARM.ActiveCfg = Debug|ARM
		{B78D6469-DBF6-484F-A946-F43776931C74}.Debug|ARM.Build.0 = Debug|ARM
		{B78D6469-DBF6-484F-A946-F43776931C74}.Debug|ARM.Deploy.0 = Debug|ARM
		{B78D6469-DBF6-484F-A946-F43776931C74}.Debug|iPhone.ActiveCfg = Debug|x86
		{B78D6469-DBF6-484F-A946-F43776931C74}.Debug|iPhoneSimulator.ActiveCfg = Debug|x86
		{B78D6469-DBF6-484F-A946-F43776931C74}.Debug|x64.ActiveCfg = Debug|x64
		{B78D6469-DBF6-484F-A946-F43776931C74}.Debug|x64.Build.0 = Debug|x64
		{B78D6469-DBF6-484F-A946-F43776931C74}.Debug|x64.Deploy.0 = Debug|x64
		{B78D6469-DBF6-484F-A946-F43776931C74}.Debug|x86.ActiveCfg = Debug|x86
		{B78D6469-DBF6-484F-A946-F43776931C74}.Debug|x86.Build.0 = Debug|x86
		{B78D6469-DBF6-484F-A946-F43776931C74}.Debug|x86.Deploy.0 = Debug|x86
		{B78D6469-DBF6-484F-A946-F43776931C74}.Release|Any CPU.ActiveCfg = Release|x86
		{B78D6469-DBF6-484F-A946-F43776931C74}.Release|ARM.ActiveCfg = Release|ARM
		{B78D6469-DBF6-484F-A946-F43776931C74}.Release|ARM.Build.0 = Release|ARM
		{B78D6469-DBF6-484F-A946-F43776931C74}.Release|ARM.Deploy.0 = Release|ARM
		{B78D6469-DBF6-484F-A946-F43776931C74}.Release|iPhone.ActiveCfg = Release|x86
		{B78D6469-DBF6-484F-A946-F43776931C74}.Release|iPhoneSimulator.ActiveCfg = Release|x86
		{B78D6469-DBF6-484F-A946-F43776931C74}.Release|x64.ActiveCfg = Release|x64
		{B78D6469-DBF6-484F-A946-F43776931C74}.Release|x64.Build.0 = Release|x64
		{B78D6469-DBF6-484F-A946-F43776931C74}.Release|x64.Deploy.0 = Release|x64
		{B78D6469-DBF6-484F-A946-F43776931C74}.Release|x86.ActiveCfg = Release|x86
		{B78D6469-DBF6-484F-A946-F43776931C74}.Release|x86.Build.0 = Release|x86
		{B78D6469-DBF6-484F-A946-F43776931C74}.Release|x86.Deploy.0 = Release|x86
		{779B1F2C-7F95-4AA2-97AD-97B338BD5B48}.Ad-Hoc|Any CPU.ActiveCfg = Release|Any CPU
		{779B1F2C-7F95-4AA2-97AD-97B338BD5B48}.Ad-Hoc|Any CPU.Build.0 = Release|Any CPU
		{779B1F2C-7F95-4AA2-97AD-97B338BD5B48}.Ad-Hoc|ARM.ActiveCfg = Release|Any CPU
		{779B1F2C-7F95-4AA2-97AD-97B338BD5B48}.Ad-Hoc|ARM.Build.0 = Release|Any CPU
		{779B1F2C-7F95-4AA2-97AD-97B338BD5B48}.Ad-Hoc|iPhone.ActiveCfg = Release|Any CPU
		{779B1F2C-7F95-4AA2-97AD-97B338BD5B48}.Ad-Hoc|iPhone.Build.0 = Release|Any CPU
		{779B1F2C-7F95-4AA2-97AD-97B338BD5B48}.Ad-Hoc|iPhoneSimulator.ActiveCfg = Release|Any CPU
		{779B1F2C-7F95-4AA2-97AD-97B338BD5B48}.Ad-Hoc|iPhoneSimulator.Build.0 = Release|Any CPU
		{779B1F2C-7F95-4AA2-97AD-97B338BD5B48}.Ad-Hoc|x64.ActiveCfg = Release|Any CPU
		{779B1F2C-7F95-4AA2-97AD-97B338BD5B48}.Ad-Hoc|x64.Build.0 = Release|Any CPU
		{779B1F2C-7F95-4AA2-97AD-97B338BD5B48}.Ad-Hoc|x86.ActiveCfg = Release|Any CPU
		{779B1F2C-7F95-4AA2-97AD-97B338BD5B48}.Ad-Hoc|x86.Build.0 = Release|Any CPU
		{779B1F2C-7F95-4AA2-97AD-97B338BD5B48}.AppStore|Any CPU.ActiveCfg = Release|Any CPU
		{779B1F2C-7F95-4AA2-97AD-97B338BD5B48}.AppStore|Any CPU.Build.0 = Release|Any CPU
		{779B1F2C-7F95-4AA2-97AD-97B338BD5B48}.AppStore|ARM.ActiveCfg = Release|Any CPU
		{779B1F2C-7F95-4AA2-97AD-97B338BD5B48}.AppStore|ARM.Build.0 = Release|Any CPU
		{779B1F2C-7F95-4AA2-97AD-97B338BD5B48}.AppStore|iPhone.ActiveCfg = Release|Any CPU
		{779B1F2C-7F95-4AA2-97AD-97B338BD5B48}.AppStore|iPhone.Build.0 = Release|Any CPU
		{779B1F2C-7F95-4AA2-97AD-97B338BD5B48}.AppStore|iPhoneSimulator.ActiveCfg = Release|Any CPU
		{779B1F2C-7F95-4AA2-97AD-97B338BD5B48}.AppStore|iPhoneSimulator.Build.0 = Release|Any CPU
		{779B1F2C-7F95-4AA2-97AD-97B338BD5B48}.AppStore|x64.ActiveCfg = Release|Any CPU
		{779B1F2C-7F95-4AA2-97AD-97B338BD5B48}.AppStore|x64.Build.0 = Release|Any CPU
		{779B1F2C-7F95-4AA2-97AD-97B338BD5B48}.AppStore|x86.ActiveCfg = Release|Any CPU
		{779B1F2C-7F95-4AA2-97AD-97B338BD5B48}.AppStore|x86.Build.0 = Release|Any CPU
		{779B1F2C-7F95-4AA2-97AD-97B338BD5B48}.Debug|Any CPU.ActiveCfg = Debug|Any CPU
		{779B1F2C-7F95-4AA2-97AD-97B338BD5B48}.Debug|Any CPU.Build.0 = Debug|Any CPU
		{779B1F2C-7F95-4AA2-97AD-97B338BD5B48}.Debug|ARM.ActiveCfg = Debug|Any CPU
		{779B1F2C-7F95-4AA2-97AD-97B338BD5B48}.Debug|ARM.Build.0 = Debug|Any CPU
		{779B1F2C-7F95-4AA2-97AD-97B338BD5B48}.Debug|iPhone.ActiveCfg = Debug|Any CPU
		{779B1F2C-7F95-4AA2-97AD-97B338BD5B48}.Debug|iPhone.Build.0 = Debug|Any CPU
		{779B1F2C-7F95-4AA2-97AD-97B338BD5B48}.Debug|iPhoneSimulator.ActiveCfg = Debug|Any CPU
		{779B1F2C-7F95-4AA2-97AD-97B338BD5B48}.Debug|iPhoneSimulator.Build.0 = Debug|Any CPU
		{779B1F2C-7F95-4AA2-97AD-97B338BD5B48}.Debug|x64.ActiveCfg = Debug|Any CPU
		{779B1F2C-7F95-4AA2-97AD-97B338BD5B48}.Debug|x64.Build.0 = Debug|Any CPU
		{779B1F2C-7F95-4AA2-97AD-97B338BD5B48}.Debug|x86.ActiveCfg = Debug|Any CPU
		{779B1F2C-7F95-4AA2-97AD-97B338BD5B48}.Debug|x86.Build.0 = Debug|Any CPU
		{779B1F2C-7F95-4AA2-97AD-97B338BD5B48}.Release|Any CPU.ActiveCfg = Release|Any CPU
		{779B1F2C-7F95-4AA2-97AD-97B338BD5B48}.Release|Any CPU.Build.0 = Release|Any CPU
		{779B1F2C-7F95-4AA2-97AD-97B338BD5B48}.Release|ARM.ActiveCfg = Release|Any CPU
		{779B1F2C-7F95-4AA2-97AD-97B338BD5B48}.Release|ARM.Build.0 = Release|Any CPU
		{779B1F2C-7F95-4AA2-97AD-97B338BD5B48}.Release|iPhone.ActiveCfg = Release|Any CPU
		{779B1F2C-7F95-4AA2-97AD-97B338BD5B48}.Release|iPhone.Build.0 = Release|Any CPU
		{779B1F2C-7F95-4AA2-97AD-97B338BD5B48}.Release|iPhoneSimulator.ActiveCfg = Release|Any CPU
		{779B1F2C-7F95-4AA2-97AD-97B338BD5B48}.Release|iPhoneSimulator.Build.0 = Release|Any CPU
		{779B1F2C-7F95-4AA2-97AD-97B338BD5B48}.Release|x64.ActiveCfg = Release|Any CPU
		{779B1F2C-7F95-4AA2-97AD-97B338BD5B48}.Release|x64.Build.0 = Release|Any CPU
		{779B1F2C-7F95-4AA2-97AD-97B338BD5B48}.Release|x86.ActiveCfg = Release|Any CPU
		{779B1F2C-7F95-4AA2-97AD-97B338BD5B48}.Release|x86.Build.0 = Release|Any CPU
		{0CBD8F4E-98D4-4984-B1F1-44AEA0B4ADAD}.Ad-Hoc|Any CPU.ActiveCfg = Release|x64
		{0CBD8F4E-98D4-4984-B1F1-44AEA0B4ADAD}.Ad-Hoc|Any CPU.Build.0 = Release|x64
		{0CBD8F4E-98D4-4984-B1F1-44AEA0B4ADAD}.Ad-Hoc|Any CPU.Deploy.0 = Release|x64
		{0CBD8F4E-98D4-4984-B1F1-44AEA0B4ADAD}.Ad-Hoc|ARM.ActiveCfg = Release|ARM
		{0CBD8F4E-98D4-4984-B1F1-44AEA0B4ADAD}.Ad-Hoc|ARM.Build.0 = Release|ARM
		{0CBD8F4E-98D4-4984-B1F1-44AEA0B4ADAD}.Ad-Hoc|ARM.Deploy.0 = Release|ARM
		{0CBD8F4E-98D4-4984-B1F1-44AEA0B4ADAD}.Ad-Hoc|iPhone.ActiveCfg = Release|x64
		{0CBD8F4E-98D4-4984-B1F1-44AEA0B4ADAD}.Ad-Hoc|iPhone.Build.0 = Release|x64
		{0CBD8F4E-98D4-4984-B1F1-44AEA0B4ADAD}.Ad-Hoc|iPhone.Deploy.0 = Release|x64
		{0CBD8F4E-98D4-4984-B1F1-44AEA0B4ADAD}.Ad-Hoc|iPhoneSimulator.ActiveCfg = Release|x64
		{0CBD8F4E-98D4-4984-B1F1-44AEA0B4ADAD}.Ad-Hoc|iPhoneSimulator.Build.0 = Release|x64
		{0CBD8F4E-98D4-4984-B1F1-44AEA0B4ADAD}.Ad-Hoc|iPhoneSimulator.Deploy.0 = Release|x64
		{0CBD8F4E-98D4-4984-B1F1-44AEA0B4ADAD}.Ad-Hoc|x64.ActiveCfg = Release|x64
		{0CBD8F4E-98D4-4984-B1F1-44AEA0B4ADAD}.Ad-Hoc|x64.Build.0 = Release|x64
		{0CBD8F4E-98D4-4984-B1F1-44AEA0B4ADAD}.Ad-Hoc|x64.Deploy.0 = Release|x64
		{0CBD8F4E-98D4-4984-B1F1-44AEA0B4ADAD}.Ad-Hoc|x86.ActiveCfg = Release|x86
		{0CBD8F4E-98D4-4984-B1F1-44AEA0B4ADAD}.Ad-Hoc|x86.Build.0 = Release|x86
		{0CBD8F4E-98D4-4984-B1F1-44AEA0B4ADAD}.Ad-Hoc|x86.Deploy.0 = Release|x86
		{0CBD8F4E-98D4-4984-B1F1-44AEA0B4ADAD}.AppStore|Any CPU.ActiveCfg = Release|x64
		{0CBD8F4E-98D4-4984-B1F1-44AEA0B4ADAD}.AppStore|Any CPU.Build.0 = Release|x64
		{0CBD8F4E-98D4-4984-B1F1-44AEA0B4ADAD}.AppStore|Any CPU.Deploy.0 = Release|x64
		{0CBD8F4E-98D4-4984-B1F1-44AEA0B4ADAD}.AppStore|ARM.ActiveCfg = Release|ARM
		{0CBD8F4E-98D4-4984-B1F1-44AEA0B4ADAD}.AppStore|ARM.Build.0 = Release|ARM
		{0CBD8F4E-98D4-4984-B1F1-44AEA0B4ADAD}.AppStore|ARM.Deploy.0 = Release|ARM
		{0CBD8F4E-98D4-4984-B1F1-44AEA0B4ADAD}.AppStore|iPhone.ActiveCfg = Release|x64
		{0CBD8F4E-98D4-4984-B1F1-44AEA0B4ADAD}.AppStore|iPhone.Build.0 = Release|x64
		{0CBD8F4E-98D4-4984-B1F1-44AEA0B4ADAD}.AppStore|iPhone.Deploy.0 = Release|x64
		{0CBD8F4E-98D4-4984-B1F1-44AEA0B4ADAD}.AppStore|iPhoneSimulator.ActiveCfg = Release|x64
		{0CBD8F4E-98D4-4984-B1F1-44AEA0B4ADAD}.AppStore|iPhoneSimulator.Build.0 = Release|x64
		{0CBD8F4E-98D4-4984-B1F1-44AEA0B4ADAD}.AppStore|iPhoneSimulator.Deploy.0 = Release|x64
		{0CBD8F4E-98D4-4984-B1F1-44AEA0B4ADAD}.AppStore|x64.ActiveCfg = Release|x64
		{0CBD8F4E-98D4-4984-B1F1-44AEA0B4ADAD}.AppStore|x64.Build.0 = Release|x64
		{0CBD8F4E-98D4-4984-B1F1-44AEA0B4ADAD}.AppStore|x64.Deploy.0 = Release|x64
		{0CBD8F4E-98D4-4984-B1F1-44AEA0B4ADAD}.AppStore|x86.ActiveCfg = Release|x86
		{0CBD8F4E-98D4-4984-B1F1-44AEA0B4ADAD}.AppStore|x86.Build.0 = Release|x86
		{0CBD8F4E-98D4-4984-B1F1-44AEA0B4ADAD}.AppStore|x86.Deploy.0 = Release|x86
		{0CBD8F4E-98D4-4984-B1F1-44AEA0B4ADAD}.Debug|Any CPU.ActiveCfg = Debug|x86
		{0CBD8F4E-98D4-4984-B1F1-44AEA0B4ADAD}.Debug|Any CPU.Build.0 = Debug|x86
		{0CBD8F4E-98D4-4984-B1F1-44AEA0B4ADAD}.Debug|Any CPU.Deploy.0 = Debug|x86
		{0CBD8F4E-98D4-4984-B1F1-44AEA0B4ADAD}.Debug|ARM.ActiveCfg = Debug|ARM
		{0CBD8F4E-98D4-4984-B1F1-44AEA0B4ADAD}.Debug|ARM.Build.0 = Debug|ARM
		{0CBD8F4E-98D4-4984-B1F1-44AEA0B4ADAD}.Debug|ARM.Deploy.0 = Debug|ARM
		{0CBD8F4E-98D4-4984-B1F1-44AEA0B4ADAD}.Debug|iPhone.ActiveCfg = Debug|x86
		{0CBD8F4E-98D4-4984-B1F1-44AEA0B4ADAD}.Debug|iPhoneSimulator.ActiveCfg = Debug|x86
		{0CBD8F4E-98D4-4984-B1F1-44AEA0B4ADAD}.Debug|x64.ActiveCfg = Debug|x64
		{0CBD8F4E-98D4-4984-B1F1-44AEA0B4ADAD}.Debug|x64.Build.0 = Debug|x64
		{0CBD8F4E-98D4-4984-B1F1-44AEA0B4ADAD}.Debug|x64.Deploy.0 = Debug|x64
		{0CBD8F4E-98D4-4984-B1F1-44AEA0B4ADAD}.Debug|x86.ActiveCfg = Debug|x86
		{0CBD8F4E-98D4-4984-B1F1-44AEA0B4ADAD}.Debug|x86.Build.0 = Debug|x86
		{0CBD8F4E-98D4-4984-B1F1-44AEA0B4ADAD}.Debug|x86.Deploy.0 = Debug|x86
		{0CBD8F4E-98D4-4984-B1F1-44AEA0B4ADAD}.Release|Any CPU.ActiveCfg = Release|x86
		{0CBD8F4E-98D4-4984-B1F1-44AEA0B4ADAD}.Release|Any CPU.Build.0 = Release|x86
		{0CBD8F4E-98D4-4984-B1F1-44AEA0B4ADAD}.Release|Any CPU.Deploy.0 = Release|x86
		{0CBD8F4E-98D4-4984-B1F1-44AEA0B4ADAD}.Release|ARM.ActiveCfg = Release|ARM
		{0CBD8F4E-98D4-4984-B1F1-44AEA0B4ADAD}.Release|ARM.Build.0 = Release|ARM
		{0CBD8F4E-98D4-4984-B1F1-44AEA0B4ADAD}.Release|ARM.Deploy.0 = Release|ARM
		{0CBD8F4E-98D4-4984-B1F1-44AEA0B4ADAD}.Release|iPhone.ActiveCfg = Release|x86
		{0CBD8F4E-98D4-4984-B1F1-44AEA0B4ADAD}.Release|iPhoneSimulator.ActiveCfg = Release|x86
		{0CBD8F4E-98D4-4984-B1F1-44AEA0B4ADAD}.Release|x64.ActiveCfg = Release|x64
		{0CBD8F4E-98D4-4984-B1F1-44AEA0B4ADAD}.Release|x64.Build.0 = Release|x64
		{0CBD8F4E-98D4-4984-B1F1-44AEA0B4ADAD}.Release|x64.Deploy.0 = Release|x64
		{0CBD8F4E-98D4-4984-B1F1-44AEA0B4ADAD}.Release|x86.ActiveCfg = Release|x86
		{0CBD8F4E-98D4-4984-B1F1-44AEA0B4ADAD}.Release|x86.Build.0 = Release|x86
		{0CBD8F4E-98D4-4984-B1F1-44AEA0B4ADAD}.Release|x86.Deploy.0 = Release|x86
		{AE83928B-62BB-4F9B-AEFA-C6B30A7E18DA}.Ad-Hoc|Any CPU.ActiveCfg = Release|Any CPU
		{AE83928B-62BB-4F9B-AEFA-C6B30A7E18DA}.Ad-Hoc|Any CPU.Build.0 = Release|Any CPU
		{AE83928B-62BB-4F9B-AEFA-C6B30A7E18DA}.Ad-Hoc|Any CPU.Deploy.0 = Release|Any CPU
		{AE83928B-62BB-4F9B-AEFA-C6B30A7E18DA}.Ad-Hoc|ARM.ActiveCfg = Release|Any CPU
		{AE83928B-62BB-4F9B-AEFA-C6B30A7E18DA}.Ad-Hoc|ARM.Build.0 = Release|Any CPU
		{AE83928B-62BB-4F9B-AEFA-C6B30A7E18DA}.Ad-Hoc|ARM.Deploy.0 = Release|Any CPU
		{AE83928B-62BB-4F9B-AEFA-C6B30A7E18DA}.Ad-Hoc|iPhone.ActiveCfg = Release|Any CPU
		{AE83928B-62BB-4F9B-AEFA-C6B30A7E18DA}.Ad-Hoc|iPhone.Build.0 = Release|Any CPU
		{AE83928B-62BB-4F9B-AEFA-C6B30A7E18DA}.Ad-Hoc|iPhone.Deploy.0 = Release|Any CPU
		{AE83928B-62BB-4F9B-AEFA-C6B30A7E18DA}.Ad-Hoc|iPhoneSimulator.ActiveCfg = Release|Any CPU
		{AE83928B-62BB-4F9B-AEFA-C6B30A7E18DA}.Ad-Hoc|iPhoneSimulator.Build.0 = Release|Any CPU
		{AE83928B-62BB-4F9B-AEFA-C6B30A7E18DA}.Ad-Hoc|iPhoneSimulator.Deploy.0 = Release|Any CPU
		{AE83928B-62BB-4F9B-AEFA-C6B30A7E18DA}.Ad-Hoc|x64.ActiveCfg = Release|Any CPU
		{AE83928B-62BB-4F9B-AEFA-C6B30A7E18DA}.Ad-Hoc|x64.Build.0 = Release|Any CPU
		{AE83928B-62BB-4F9B-AEFA-C6B30A7E18DA}.Ad-Hoc|x64.Deploy.0 = Release|Any CPU
		{AE83928B-62BB-4F9B-AEFA-C6B30A7E18DA}.Ad-Hoc|x86.ActiveCfg = Release|Any CPU
		{AE83928B-62BB-4F9B-AEFA-C6B30A7E18DA}.Ad-Hoc|x86.Build.0 = Release|Any CPU
		{AE83928B-62BB-4F9B-AEFA-C6B30A7E18DA}.Ad-Hoc|x86.Deploy.0 = Release|Any CPU
		{AE83928B-62BB-4F9B-AEFA-C6B30A7E18DA}.AppStore|Any CPU.ActiveCfg = Release|Any CPU
		{AE83928B-62BB-4F9B-AEFA-C6B30A7E18DA}.AppStore|Any CPU.Build.0 = Release|Any CPU
		{AE83928B-62BB-4F9B-AEFA-C6B30A7E18DA}.AppStore|Any CPU.Deploy.0 = Release|Any CPU
		{AE83928B-62BB-4F9B-AEFA-C6B30A7E18DA}.AppStore|ARM.ActiveCfg = Release|Any CPU
		{AE83928B-62BB-4F9B-AEFA-C6B30A7E18DA}.AppStore|ARM.Build.0 = Release|Any CPU
		{AE83928B-62BB-4F9B-AEFA-C6B30A7E18DA}.AppStore|ARM.Deploy.0 = Release|Any CPU
		{AE83928B-62BB-4F9B-AEFA-C6B30A7E18DA}.AppStore|iPhone.ActiveCfg = Release|Any CPU
		{AE83928B-62BB-4F9B-AEFA-C6B30A7E18DA}.AppStore|iPhone.Build.0 = Release|Any CPU
		{AE83928B-62BB-4F9B-AEFA-C6B30A7E18DA}.AppStore|iPhone.Deploy.0 = Release|Any CPU
		{AE83928B-62BB-4F9B-AEFA-C6B30A7E18DA}.AppStore|iPhoneSimulator.ActiveCfg = Release|Any CPU
		{AE83928B-62BB-4F9B-AEFA-C6B30A7E18DA}.AppStore|iPhoneSimulator.Build.0 = Release|Any CPU
		{AE83928B-62BB-4F9B-AEFA-C6B30A7E18DA}.AppStore|iPhoneSimulator.Deploy.0 = Release|Any CPU
		{AE83928B-62BB-4F9B-AEFA-C6B30A7E18DA}.AppStore|x64.ActiveCfg = Release|Any CPU
		{AE83928B-62BB-4F9B-AEFA-C6B30A7E18DA}.AppStore|x64.Build.0 = Release|Any CPU
		{AE83928B-62BB-4F9B-AEFA-C6B30A7E18DA}.AppStore|x64.Deploy.0 = Release|Any CPU
		{AE83928B-62BB-4F9B-AEFA-C6B30A7E18DA}.AppStore|x86.ActiveCfg = Release|Any CPU
		{AE83928B-62BB-4F9B-AEFA-C6B30A7E18DA}.AppStore|x86.Build.0 = Release|Any CPU
		{AE83928B-62BB-4F9B-AEFA-C6B30A7E18DA}.AppStore|x86.Deploy.0 = Release|Any CPU
		{AE83928B-62BB-4F9B-AEFA-C6B30A7E18DA}.Debug|Any CPU.ActiveCfg = Debug|Any CPU
		{AE83928B-62BB-4F9B-AEFA-C6B30A7E18DA}.Debug|Any CPU.Build.0 = Debug|Any CPU
		{AE83928B-62BB-4F9B-AEFA-C6B30A7E18DA}.Debug|Any CPU.Deploy.0 = Debug|Any CPU
		{AE83928B-62BB-4F9B-AEFA-C6B30A7E18DA}.Debug|ARM.ActiveCfg = Debug|Any CPU
		{AE83928B-62BB-4F9B-AEFA-C6B30A7E18DA}.Debug|ARM.Build.0 = Debug|Any CPU
		{AE83928B-62BB-4F9B-AEFA-C6B30A7E18DA}.Debug|ARM.Deploy.0 = Debug|Any CPU
		{AE83928B-62BB-4F9B-AEFA-C6B30A7E18DA}.Debug|iPhone.ActiveCfg = Debug|Any CPU
		{AE83928B-62BB-4F9B-AEFA-C6B30A7E18DA}.Debug|iPhone.Build.0 = Debug|Any CPU
		{AE83928B-62BB-4F9B-AEFA-C6B30A7E18DA}.Debug|iPhone.Deploy.0 = Debug|Any CPU
		{AE83928B-62BB-4F9B-AEFA-C6B30A7E18DA}.Debug|iPhoneSimulator.ActiveCfg = Debug|Any CPU
		{AE83928B-62BB-4F9B-AEFA-C6B30A7E18DA}.Debug|iPhoneSimulator.Build.0 = Debug|Any CPU
		{AE83928B-62BB-4F9B-AEFA-C6B30A7E18DA}.Debug|iPhoneSimulator.Deploy.0 = Debug|Any CPU
		{AE83928B-62BB-4F9B-AEFA-C6B30A7E18DA}.Debug|x64.ActiveCfg = Debug|Any CPU
		{AE83928B-62BB-4F9B-AEFA-C6B30A7E18DA}.Debug|x64.Build.0 = Debug|Any CPU
		{AE83928B-62BB-4F9B-AEFA-C6B30A7E18DA}.Debug|x64.Deploy.0 = Debug|Any CPU
		{AE83928B-62BB-4F9B-AEFA-C6B30A7E18DA}.Debug|x86.ActiveCfg = Debug|Any CPU
		{AE83928B-62BB-4F9B-AEFA-C6B30A7E18DA}.Debug|x86.Build.0 = Debug|Any CPU
		{AE83928B-62BB-4F9B-AEFA-C6B30A7E18DA}.Debug|x86.Deploy.0 = Debug|Any CPU
		{AE83928B-62BB-4F9B-AEFA-C6B30A7E18DA}.Release|Any CPU.ActiveCfg = Release|Any CPU
		{AE83928B-62BB-4F9B-AEFA-C6B30A7E18DA}.Release|Any CPU.Build.0 = Release|Any CPU
		{AE83928B-62BB-4F9B-AEFA-C6B30A7E18DA}.Release|Any CPU.Deploy.0 = Release|Any CPU
		{AE83928B-62BB-4F9B-AEFA-C6B30A7E18DA}.Release|ARM.ActiveCfg = Release|Any CPU
		{AE83928B-62BB-4F9B-AEFA-C6B30A7E18DA}.Release|ARM.Build.0 = Release|Any CPU
		{AE83928B-62BB-4F9B-AEFA-C6B30A7E18DA}.Release|ARM.Deploy.0 = Release|Any CPU
		{AE83928B-62BB-4F9B-AEFA-C6B30A7E18DA}.Release|iPhone.ActiveCfg = Release|Any CPU
		{AE83928B-62BB-4F9B-AEFA-C6B30A7E18DA}.Release|iPhone.Build.0 = Release|Any CPU
		{AE83928B-62BB-4F9B-AEFA-C6B30A7E18DA}.Release|iPhone.Deploy.0 = Release|Any CPU
		{AE83928B-62BB-4F9B-AEFA-C6B30A7E18DA}.Release|iPhoneSimulator.ActiveCfg = Release|Any CPU
		{AE83928B-62BB-4F9B-AEFA-C6B30A7E18DA}.Release|iPhoneSimulator.Build.0 = Release|Any CPU
		{AE83928B-62BB-4F9B-AEFA-C6B30A7E18DA}.Release|iPhoneSimulator.Deploy.0 = Release|Any CPU
		{AE83928B-62BB-4F9B-AEFA-C6B30A7E18DA}.Release|x64.ActiveCfg = Release|Any CPU
		{AE83928B-62BB-4F9B-AEFA-C6B30A7E18DA}.Release|x64.Build.0 = Release|Any CPU
		{AE83928B-62BB-4F9B-AEFA-C6B30A7E18DA}.Release|x64.Deploy.0 = Release|Any CPU
		{AE83928B-62BB-4F9B-AEFA-C6B30A7E18DA}.Release|x86.ActiveCfg = Release|Any CPU
		{AE83928B-62BB-4F9B-AEFA-C6B30A7E18DA}.Release|x86.Build.0 = Release|Any CPU
		{AE83928B-62BB-4F9B-AEFA-C6B30A7E18DA}.Release|x86.Deploy.0 = Release|Any CPU
	EndGlobalSection
	GlobalSection(SolutionProperties) = preSolution
		HideSolutionNode = FALSE
	EndGlobalSection
	GlobalSection(NestedProjects) = preSolution
		{B6705BCA-3043-4AED-B1F9-C01B3A579FF9} = {53741BB1-5AFA-46F2-B72A-070E260BBFEC}
		{FF7174F1-189C-4215-96E7-B6693535B761} = {53741BB1-5AFA-46F2-B72A-070E260BBFEC}
		{38FBD190-69AD-4BDB-B342-6EC2E29C79E5} = {53741BB1-5AFA-46F2-B72A-070E260BBFEC}
		{3A766976-71AD-43ED-AD14-0B267857E444} = {8475F2E8-23E8-4580-89FE-7EED7499CC0D}
		{4A312813-657F-4911-96DC-A46CBF7CB22A} = {8475F2E8-23E8-4580-89FE-7EED7499CC0D}
		{B78D6469-DBF6-484F-A946-F43776931C74} = {8DAB0A79-25E3-4448-9D30-1EEF912A1155}
		{779B1F2C-7F95-4AA2-97AD-97B338BD5B48} = {8DAB0A79-25E3-4448-9D30-1EEF912A1155}
		{0CBD8F4E-98D4-4984-B1F1-44AEA0B4ADAD} = {8DAB0A79-25E3-4448-9D30-1EEF912A1155}
		{AE83928B-62BB-4F9B-AEFA-C6B30A7E18DA} = {8DAB0A79-25E3-4448-9D30-1EEF912A1155}
	EndGlobalSection
EndGlobal
